
Microsoft Visual Studio Solution File, Format Version 12.00
# Visual Studio Version 17
VisualStudioVersion = 17.2.32519.379
MinimumVisualStudioVersion = 10.0.40219.1
Project("{9A19103F-16F7-4668-BE54-9A1E7A4F7556}") = "AppJwt.API", "AppJwt.API\AppJwt.API.csproj", "{59957527-6BFC-4C3D-9C27-47C2A520F1DF}"
EndProject
Project("{9A19103F-16F7-4668-BE54-9A1E7A4F7556}") = "AppJwt.Core", "AppJwt.Core\AppJwt.Core.csproj", "{86E7F064-1073-47C0-A60A-DC2680DD3327}"
EndProject
Project("{9A19103F-16F7-4668-BE54-9A1E7A4F7556}") = "AppJwt.Data", "AppJwt.Data\AppJwt.Data.csproj", "{B439897C-15CE-4399-B3FF-4081E416A573}"
EndProject
Project("{9A19103F-16F7-4668-BE54-9A1E7A4F7556}") = "AppJwt.Service", "AppJwt.Service\AppJwt.Service.csproj", "{F192E9A9-E587-478B-94AC-157996C0030F}"
EndProject
Project("{FAE04EC0-301F-11D3-BF4B-00C04F79EFBC}") = "AppA.API", "AppA.API\AppA.API.csproj", "{53C01BBE-3A77-444F-9B1B-F5A8163209A5}"
EndProject
Project("{FAE04EC0-301F-11D3-BF4B-00C04F79EFBC}") = "AppB.API", "AppB.API\AppB.API.csproj", "{285E0C40-989F-4DAC-9847-9439B71F7CB2}"
EndProject
Project("{FAE04EC0-301F-11D3-BF4B-00C04F79EFBC}") = "AppC.API", "AppC.API\AppC.API.csproj", "{DED1DA31-0793-483E-8C5E-F51ACFCD6728}"
EndProject
Project("{FAE04EC0-301F-11D3-BF4B-00C04F79EFBC}") = "SharedLibrary", "SharedLibrary\SharedLibrary.csproj", "{8280BC07-B06A-4DFE-942B-7CC85402875A}"
EndProject
Global
	GlobalSection(SolutionConfigurationPlatforms) = preSolution
		Debug|Any CPU = Debug|Any CPU
		Release|Any CPU = Release|Any CPU
	EndGlobalSection
	GlobalSection(ProjectConfigurationPlatforms) = postSolution
		{59957527-6BFC-4C3D-9C27-47C2A520F1DF}.Debug|Any CPU.ActiveCfg = Debug|Any CPU
		{59957527-6BFC-4C3D-9C27-47C2A520F1DF}.Debug|Any CPU.Build.0 = Debug|Any CPU
		{59957527-6BFC-4C3D-9C27-47C2A520F1DF}.Release|Any CPU.ActiveCfg = Release|Any CPU
		{59957527-6BFC-4C3D-9C27-47C2A520F1DF}.Release|Any CPU.Build.0 = Release|Any CPU
		{86E7F064-1073-47C0-A60A-DC2680DD3327}.Debug|Any CPU.ActiveCfg = Debug|Any CPU
		{86E7F064-1073-47C0-A60A-DC2680DD3327}.Debug|Any CPU.Build.0 = Debug|Any CPU
		{86E7F064-1073-47C0-A60A-DC2680DD3327}.Release|Any CPU.ActiveCfg = Release|Any CPU
		{86E7F064-1073-47C0-A60A-DC2680DD3327}.Release|Any CPU.Build.0 = Release|Any CPU
		{B439897C-15CE-4399-B3FF-4081E416A573}.Debug|Any CPU.ActiveCfg = Debug|Any CPU
		{B439897C-15CE-4399-B3FF-4081E416A573}.Debug|Any CPU.Build.0 = Debug|Any CPU
		{B439897C-15CE-4399-B3FF-4081E416A573}.Release|Any CPU.ActiveCfg = Release|Any CPU
		{B439897C-15CE-4399-B3FF-4081E416A573}.Release|Any CPU.Build.0 = Release|Any CPU
		{F192E9A9-E587-478B-94AC-157996C0030F}.Debug|Any CPU.ActiveCfg = Debug|Any CPU
		{F192E9A9-E587-478B-94AC-157996C0030F}.Debug|Any CPU.Build.0 = Debug|Any CPU
		{F192E9A9-E587-478B-94AC-157996C0030F}.Release|Any CPU.ActiveCfg = Release|Any CPU
		{F192E9A9-E587-478B-94AC-157996C0030F}.Release|Any CPU.Build.0 = Release|Any CPU
		{53C01BBE-3A77-444F-9B1B-F5A8163209A5}.Debug|Any CPU.ActiveCfg = Debug|Any CPU
		{53C01BBE-3A77-444F-9B1B-F5A8163209A5}.Debug|Any CPU.Build.0 = Debug|Any CPU
		{53C01BBE-3A77-444F-9B1B-F5A8163209A5}.Release|Any CPU.ActiveCfg = Release|Any CPU
		{53C01BBE-3A77-444F-9B1B-F5A8163209A5}.Release|Any CPU.Build.0 = Release|Any CPU
		{285E0C40-989F-4DAC-9847-9439B71F7CB2}.Debug|Any CPU.ActiveCfg = Debug|Any CPU
		{285E0C40-989F-4DAC-9847-9439B71F7CB2}.Debug|Any CPU.Build.0 = Debug|Any CPU
		{285E0C40-989F-4DAC-9847-9439B71F7CB2}.Release|Any CPU.ActiveCfg = Release|Any CPU
		{285E0C40-989F-4DAC-9847-9439B71F7CB2}.Release|Any CPU.Build.0 = Release|Any CPU
		{DED1DA31-0793-483E-8C5E-F51ACFCD6728}.Debug|Any CPU.ActiveCfg = Debug|Any CPU
		{DED1DA31-0793-483E-8C5E-F51ACFCD6728}.Debug|Any CPU.Build.0 = Debug|Any CPU
		{DED1DA31-0793-483E-8C5E-F51ACFCD6728}.Release|Any CPU.ActiveCfg = Release|Any CPU
		{DED1DA31-0793-483E-8C5E-F51ACFCD6728}.Release|Any CPU.Build.0 = Release|Any CPU
		{8280BC07-B06A-4DFE-942B-7CC85402875A}.Debug|Any CPU.ActiveCfg = Debug|Any CPU
		{8280BC07-B06A-4DFE-942B-7CC85402875A}.Debug|Any CPU.Build.0 = Debug|Any CPU
		{8280BC07-B06A-4DFE-942B-7CC85402875A}.Release|Any CPU.ActiveCfg = Release|Any CPU
		{8280BC07-B06A-4DFE-942B-7CC85402875A}.Release|Any CPU.Build.0 = Release|Any CPU
	EndGlobalSection
	GlobalSection(SolutionProperties) = preSolution
		HideSolutionNode = FALSE
	EndGlobalSection
	GlobalSection(ExtensibilityGlobals) = postSolution
		SolutionGuid = {06E7440D-E520-4391-8F3A-54997AFB0DFA}
	EndGlobalSection
EndGlobal
